// !$*UTF8*$!
{
	archiveVersion = 1;
	classes = {
	};
	objectVersion = 48;
	objects = {

/* Begin PBXBuildFile section */
		197F0AC61F45BFA500B5831C /* AppDelegate.swift in Sources */ = {isa = PBXBuildFile; fileRef = 197F0AC51F45BFA500B5831C /* AppDelegate.swift */; };
		197F0AC81F45BFA500B5831C /* ViewController.swift in Sources */ = {isa = PBXBuildFile; fileRef = 197F0AC71F45BFA500B5831C /* ViewController.swift */; };
		197F0ACB1F45BFA500B5831C /* Main.storyboard in Resources */ = {isa = PBXBuildFile; fileRef = 197F0AC91F45BFA500B5831C /* Main.storyboard */; };
		197F0ACD1F45BFA500B5831C /* Assets.xcassets in Resources */ = {isa = PBXBuildFile; fileRef = 197F0ACC1F45BFA500B5831C /* Assets.xcassets */; };
		197F0AD01F45BFA500B5831C /* LaunchScreen.storyboard in Resources */ = {isa = PBXBuildFile; fileRef = 197F0ACE1F45BFA500B5831C /* LaunchScreen.storyboard */; };
		197F0ADB1F45BFA500B5831C /* LightApp___1Tests.swift in Sources */ = {isa = PBXBuildFile; fileRef = 197F0ADA1F45BFA500B5831C /* LightApp___1Tests.swift */; };
		197F0AE61F45BFA500B5831C /* LightApp___1UITests.swift in Sources */ = {isa = PBXBuildFile; fileRef = 197F0AE51F45BFA500B5831C /* LightApp___1UITests.swift */; };
		197F0AF41F45BFBE00B5831C /* LightAppViewController.swift in Sources */ = {isa = PBXBuildFile; fileRef = 197F0AF31F45BFBE00B5831C /* LightAppViewController.swift */; };
/* End PBXBuildFile section */

/* Begin PBXContainerItemProxy section */
		197F0AD71F45BFA500B5831C /* PBXContainerItemProxy */ = {
			isa = PBXContainerItemProxy;
			containerPortal = 197F0ABA1F45BFA500B5831C /* Project object */;
			proxyType = 1;
			remoteGlobalIDString = 197F0AC11F45BFA500B5831C;
			remoteInfo = "LightApp進階版1";
		};
		197F0AE21F45BFA500B5831C /* PBXContainerItemProxy */ = {
			isa = PBXContainerItemProxy;
			containerPortal = 197F0ABA1F45BFA500B5831C /* Project object */;
			proxyType = 1;
			remoteGlobalIDString = 197F0AC11F45BFA500B5831C;
			remoteInfo = "LightApp進階版1";
		};
/* End PBXContainerItemProxy section */

/* Begin PBXFileReference section */
		197F0AC21F45BFA500B5831C /* LightApp進階版1.app */ = {isa = PBXFileReference; explicitFileType = wrapper.application; includeInIndex = 0; path = "LightApp進階版1.app"; sourceTree = BUILT_PRODUCTS_DIR; };
		197F0AC51F45BFA500B5831C /* AppDelegate.swift */ = {isa = PBXFileReference; lastKnownFileType = sourcecode.swift; path = AppDelegate.swift; sourceTree = "<group>"; };
		197F0AC71F45BFA500B5831C /* ViewController.swift */ = {isa = PBXFileReference; lastKnownFileType = sourcecode.swift; path = ViewController.swift; sourceTree = "<group>"; };
		197F0ACA1F45BFA500B5831C /* Base */ = {isa = PBXFileReference; lastKnownFileType = file.storyboard; name = Base; path = Base.lproj/Main.storyboard; sourceTree = "<group>"; };
		197F0ACC1F45BFA500B5831C /* Assets.xcassets */ = {isa = PBXFileReference; lastKnownFileType = folder.assetcatalog; path = Assets.xcassets; sourceTree = "<group>"; };
		197F0ACF1F45BFA500B5831C /* Base */ = {isa = PBXFileReference; lastKnownFileType = file.storyboard; name = Base; path = Base.lproj/LaunchScreen.storyboard; sourceTree = "<group>"; };
		197F0AD11F45BFA500B5831C /* Info.plist */ = {isa = PBXFileReference; lastKnownFileType = text.plist.xml; path = Info.plist; sourceTree = "<group>"; };
		197F0AD61F45BFA500B5831C /* LightApp進階版1Tests.xctest */ = {isa = PBXFileReference; explicitFileType = wrapper.cfbundle; includeInIndex = 0; path = "LightApp進階版1Tests.xctest"; sourceTree = BUILT_PRODUCTS_DIR; };
		197F0ADA1F45BFA500B5831C /* LightApp___1Tests.swift */ = {isa = PBXFileReference; lastKnownFileType = sourcecode.swift; path = "LightApp___1Tests.swift"; sourceTree = "<group>"; };
		197F0ADC1F45BFA500B5831C /* Info.plist */ = {isa = PBXFileReference; lastKnownFileType = text.plist.xml; path = Info.plist; sourceTree = "<group>"; };
		197F0AE11F45BFA500B5831C /* LightApp進階版1UITests.xctest */ = {isa = PBXFileReference; explicitFileType = wrapper.cfbundle; includeInIndex = 0; path = "LightApp進階版1UITests.xctest"; sourceTree = BUILT_PRODUCTS_DIR; };
		197F0AE51F45BFA500B5831C /* LightApp___1UITests.swift */ = {isa = PBXFileReference; lastKnownFileType = sourcecode.swift; path = "LightApp___1UITests.swift"; sourceTree = "<group>"; };
		197F0AE71F45BFA500B5831C /* Info.plist */ = {isa = PBXFileReference; lastKnownFileType = text.plist.xml; path = Info.plist; sourceTree = "<group>"; };
		197F0AF31F45BFBE00B5831C /* LightAppViewController.swift */ = {isa = PBXFileReference; lastKnownFileType = sourcecode.swift; path = LightAppViewController.swift; sourceTree = "<group>"; };
/* End PBXFileReference section */

/* Begin PBXFrameworksBuildPhase section */
		197F0ABF1F45BFA500B5831C /* Frameworks */ = {
			isa = PBXFrameworksBuildPhase;
			buildActionMask = 2147483647;
			files = (
			);
			runOnlyForDeploymentPostprocessing = 0;
		};
		197F0AD31F45BFA500B5831C /* Frameworks */ = {
			isa = PBXFrameworksBuildPhase;
			buildActionMask = 2147483647;
			files = (
			);
			runOnlyForDeploymentPostprocessing = 0;
		};
		197F0ADE1F45BFA500B5831C /* Frameworks */ = {
			isa = PBXFrameworksBuildPhase;
			buildActionMask = 2147483647;
			files = (
			);
			runOnlyForDeploymentPostprocessing = 0;
		};
/* End PBXFrameworksBuildPhase section */

/* Begin PBXGroup section */
		197F0AB91F45BFA500B5831C = {
			isa = PBXGroup;
			children = (
				197F0AC41F45BFA500B5831C /* LightApp進階版1 */,
				197F0AD91F45BFA500B5831C /* LightApp進階版1Tests */,
				197F0AE41F45BFA500B5831C /* LightApp進階版1UITests */,
				197F0AC31F45BFA500B5831C /* Products */,
			);
			sourceTree = "<group>";
		};
		197F0AC31F45BFA500B5831C /* Products */ = {
			isa = PBXGroup;
			children = (
				197F0AC21F45BFA500B5831C /* LightApp進階版1.app */,
				197F0AD61F45BFA500B5831C /* LightApp進階版1Tests.xctest */,
				197F0AE11F45BFA500B5831C /* LightApp進階版1UITests.xctest */,
			);
			name = Products;
			sourceTree = "<group>";
		};
		197F0AC41F45BFA500B5831C /* LightApp進階版1 */ = {
			isa = PBXGroup;
			children = (
				197F0AC51F45BFA500B5831C /* AppDelegate.swift */,
				197F0AC71F45BFA500B5831C /* ViewController.swift */,
				197F0AC91F45BFA500B5831C /* Main.storyboard */,
				197F0AF31F45BFBE00B5831C /* LightAppViewController.swift */,
				197F0ACC1F45BFA500B5831C /* Assets.xcassets */,
				197F0ACE1F45BFA500B5831C /* LaunchScreen.storyboard */,
				197F0AD11F45BFA500B5831C /* Info.plist */,
			);
			path = "LightApp進階版1";
			sourceTree = "<group>";
		};
		197F0AD91F45BFA500B5831C /* LightApp進階版1Tests */ = {
			isa = PBXGroup;
			children = (
				197F0ADA1F45BFA500B5831C /* LightApp___1Tests.swift */,
				197F0ADC1F45BFA500B5831C /* Info.plist */,
			);
			path = "LightApp進階版1Tests";
			sourceTree = "<group>";
		};
		197F0AE41F45BFA500B5831C /* LightApp進階版1UITests */ = {
			isa = PBXGroup;
			children = (
				197F0AE51F45BFA500B5831C /* LightApp___1UITests.swift */,
				197F0AE71F45BFA500B5831C /* Info.plist */,
			);
			path = "LightApp進階版1UITests";
			sourceTree = "<group>";
		};
/* End PBXGroup section */

/* Begin PBXNativeTarget section */
		197F0AC11F45BFA500B5831C /* LightApp進階版1 */ = {
			isa = PBXNativeTarget;
			buildConfigurationList = 197F0AEA1F45BFA500B5831C /* Build configuration list for PBXNativeTarget "LightApp進階版1" */;
			buildPhases = (
				197F0ABE1F45BFA500B5831C /* Sources */,
				197F0ABF1F45BFA500B5831C /* Frameworks */,
				197F0AC01F45BFA500B5831C /* Resources */,
			);
			buildRules = (
			);
			dependencies = (
			);
			name = "LightApp進階版1";
			productName = "LightApp進階版1";
			productReference = 197F0AC21F45BFA500B5831C /* LightApp進階版1.app */;
			productType = "com.apple.product-type.application";
		};
		197F0AD51F45BFA500B5831C /* LightApp進階版1Tests */ = {
			isa = PBXNativeTarget;
			buildConfigurationList = 197F0AED1F45BFA500B5831C /* Build configuration list for PBXNativeTarget "LightApp進階版1Tests" */;
			buildPhases = (
				197F0AD21F45BFA500B5831C /* Sources */,
				197F0AD31F45BFA500B5831C /* Frameworks */,
				197F0AD41F45BFA500B5831C /* Resources */,
			);
			buildRules = (
			);
			dependencies = (
				197F0AD81F45BFA500B5831C /* PBXTargetDependency */,
			);
			name = "LightApp進階版1Tests";
			productName = "LightApp進階版1Tests";
			productReference = 197F0AD61F45BFA500B5831C /* LightApp進階版1Tests.xctest */;
			productType = "com.apple.product-type.bundle.unit-test";
		};
		197F0AE01F45BFA500B5831C /* LightApp進階版1UITests */ = {
			isa = PBXNativeTarget;
			buildConfigurationList = 197F0AF01F45BFA500B5831C /* Build configuration list for PBXNativeTarget "LightApp進階版1UITests" */;
			buildPhases = (
				197F0ADD1F45BFA500B5831C /* Sources */,
				197F0ADE1F45BFA500B5831C /* Frameworks */,
				197F0ADF1F45BFA500B5831C /* Resources */,
			);
			buildRules = (
			);
			dependencies = (
				197F0AE31F45BFA500B5831C /* PBXTargetDependency */,
			);
			name = "LightApp進階版1UITests";
			productName = "LightApp進階版1UITests";
			productReference = 197F0AE11F45BFA500B5831C /* LightApp進階版1UITests.xctest */;
			productType = "com.apple.product-type.bundle.ui-testing";
		};
/* End PBXNativeTarget section */

/* Begin PBXProject section */
		197F0ABA1F45BFA500B5831C /* Project object */ = {
			isa = PBXProject;
			attributes = {
				LastSwiftUpdateCheck = 0900;
				LastUpgradeCheck = 0900;
				ORGANIZATIONNAME = "Huang Hao";
				TargetAttributes = {
					197F0AC11F45BFA500B5831C = {
						CreatedOnToolsVersion = 9.0;
					};
					197F0AD51F45BFA500B5831C = {
						CreatedOnToolsVersion = 9.0;
						TestTargetID = 197F0AC11F45BFA500B5831C;
					};
					197F0AE01F45BFA500B5831C = {
						CreatedOnToolsVersion = 9.0;
						TestTargetID = 197F0AC11F45BFA500B5831C;
					};
				};
			};
			buildConfigurationList = 197F0ABD1F45BFA500B5831C /* Build configuration list for PBXProject "LightApp進階版1" */;
			compatibilityVersion = "Xcode 8.0";
			developmentRegion = en;
			hasScannedForEncodings = 0;
			knownRegions = (
				en,
				Base,
			);
			mainGroup = 197F0AB91F45BFA500B5831C;
			productRefGroup = 197F0AC31F45BFA500B5831C /* Products */;
			projectDirPath = "";
			projectRoot = "";
			targets = (
				197F0AC11F45BFA500B5831C /* LightApp進階版1 */,
				197F0AD51F45BFA500B5831C /* LightApp進階版1Tests */,
				197F0AE01F45BFA500B5831C /* LightApp進階版1UITests */,
			);
		};
/* End PBXProject section */

/* Begin PBXResourcesBuildPhase section */
		197F0AC01F45BFA500B5831C /* Resources */ = {
			isa = PBXResourcesBuildPhase;
			buildActionMask = 2147483647;
			files = (
				197F0AD01F45BFA500B5831C /* LaunchScreen.storyboard in Resources */,
				197F0ACD1F45BFA500B5831C /* Assets.xcassets in Resources */,
				197F0ACB1F45BFA500B5831C /* Main.storyboard in Resources */,
			);
			runOnlyForDeploymentPostprocessing = 0;
		};
		197F0AD41F45BFA500B5831C /* Resources */ = {
			isa = PBXResourcesBuildPhase;
			buildActionMask = 2147483647;
			files = (
			);
			runOnlyForDeploymentPostprocessing = 0;
		};
		197F0ADF1F45BFA500B5831C /* Resources */ = {
			isa = PBXResourcesBuildPhase;
			buildActionMask = 2147483647;
			files = (
			);
			runOnlyForDeploymentPostprocessing = 0;
		};
/* End PBXResourcesBuildPhase section */

/* Begin PBXSourcesBuildPhase section */
		197F0ABE1F45BFA500B5831C /* Sources */ = {
			isa = PBXSourcesBuildPhase;
			buildActionMask = 2147483647;
			files = (
				197F0AF41F45BFBE00B5831C /* LightAppViewController.swift in Sources */,
				197F0AC81F45BFA500B5831C /* ViewController.swift in Sources */,
				197F0AC61F45BFA500B5831C /* AppDelegate.swift in Sources */,
			);
			runOnlyForDeploymentPostprocessing = 0;
		};
		197F0AD21F45BFA500B5831C /* Sources */ = {
			isa = PBXSourcesBuildPhase;
			buildActionMask = 2147483647;
			files = (
				197F0ADB1F45BFA500B5831C /* LightApp___1Tests.swift in Sources */,
			);
			runOnlyForDeploymentPostprocessing = 0;
		};
		197F0ADD1F45BFA500B5831C /* Sources */ = {
			isa = PBXSourcesBuildPhase;
			buildActionMask = 2147483647;
			files = (
				197F0AE61F45BFA500B5831C /* LightApp___1UITests.swift in Sources */,
			);
			runOnlyForDeploymentPostprocessing = 0;
		};
/* End PBXSourcesBuildPhase section */

/* Begin PBXTargetDependency section */
		197F0AD81F45BFA500B5831C /* PBXTargetDependency */ = {
			isa = PBXTargetDependency;
			target = 197F0AC11F45BFA500B5831C /* LightApp進階版1 */;
			targetProxy = 197F0AD71F45BFA500B5831C /* PBXContainerItemProxy */;
		};
		197F0AE31F45BFA500B5831C /* PBXTargetDependency */ = {
			isa = PBXTargetDependency;
			target = 197F0AC11F45BFA500B5831C /* LightApp進階版1 */;
			targetProxy = 197F0AE21F45BFA500B5831C /* PBXContainerItemProxy */;
		};
/* End PBXTargetDependency section */

/* Begin PBXVariantGroup section */
		197F0AC91F45BFA500B5831C /* Main.storyboard */ = {
			isa = PBXVariantGroup;
			children = (
				197F0ACA1F45BFA500B5831C /* Base */,
			);
			name = Main.storyboard;
			sourceTree = "<group>";
		};
		197F0ACE1F45BFA500B5831C /* LaunchScreen.storyboard */ = {
			isa = PBXVariantGroup;
			children = (
				197F0ACF1F45BFA500B5831C /* Base */,
			);
			name = LaunchScreen.storyboard;
			sourceTree = "<group>";
		};
/* End PBXVariantGroup section */

/* Begin XCBuildConfiguration section */
		197F0AE81F45BFA500B5831C /* Debug */ = {
			isa = XCBuildConfiguration;
			buildSettings = {
				ALWAYS_SEARCH_USER_PATHS = NO;
				CLANG_ANALYZER_NONNULL = YES;
				CLANG_ANALYZER_NUMBER_OBJECT_CONVERSION = YES_AGGRESSIVE;
				CLANG_CXX_LANGUAGE_STANDARD = "gnu++14";
				CLANG_CXX_LIBRARY = "libc++";
				CLANG_ENABLE_MODULES = YES;
				CLANG_ENABLE_OBJC_ARC = YES;
				CLANG_WARN_BLOCK_CAPTURE_AUTORELEASING = YES;
				CLANG_WARN_BOOL_CONVERSION = YES;
				CLANG_WARN_COMMA = YES;
				CLANG_WARN_CONSTANT_CONVERSION = YES;
				CLANG_WARN_DIRECT_OBJC_ISA_USAGE = YES_ERROR;
				CLANG_WARN_DOCUMENTATION_COMMENTS = YES;
				CLANG_WARN_EMPTY_BODY = YES;
				CLANG_WARN_ENUM_CONVERSION = YES;
				CLANG_WARN_INFINITE_RECURSION = YES;
				CLANG_WARN_INT_CONVERSION = YES;
				CLANG_WARN_NON_LITERAL_NULL_CONVERSION = YES;
				CLANG_WARN_OBJC_LITERAL_CONVERSION = YES;
				CLANG_WARN_OBJC_ROOT_CLASS = YES_ERROR;
				CLANG_WARN_RANGE_LOOP_ANALYSIS = YES;
				CLANG_WARN_STRICT_PROTOTYPES = YES;
				CLANG_WARN_SUSPICIOUS_MOVE = YES;
				CLANG_WARN_UNGUARDED_AVAILABILITY = YES_AGGRESSIVE;
				CLANG_WARN_UNREACHABLE_CODE = YES;
				CLANG_WARN__DUPLICATE_METHOD_MATCH = YES;
				CODE_SIGN_IDENTITY = "iPhone Developer";
				COPY_PHASE_STRIP = NO;
				DEBUG_INFORMATION_FORMAT = dwarf;
				ENABLE_STRICT_OBJC_MSGSEND = YES;
				ENABLE_TESTABILITY = YES;
				GCC_C_LANGUAGE_STANDARD = gnu11;
				GCC_DYNAMIC_NO_PIC = NO;
				GCC_NO_COMMON_BLOCKS = YES;
				GCC_OPTIMIZATION_LEVEL = 0;
				GCC_PREPROCESSOR_DEFINITIONS = (
					"DEBUG=1",
					"$(inherited)",
				);
				GCC_WARN_64_TO_32_BIT_CONVERSION = YES;
				GCC_WARN_ABOUT_RETURN_TYPE = YES_ERROR;
				GCC_WARN_UNDECLARED_SELECTOR = YES;
				GCC_WARN_UNINITIALIZED_AUTOS = YES_AGGRESSIVE;
				GCC_WARN_UNUSED_FUNCTION = YES;
				GCC_WARN_UNUSED_VARIABLE = YES;
				IPHONEOS_DEPLOYMENT_TARGET = 11.0;
				MTL_ENABLE_DEBUG_INFO = YES;
				ONLY_ACTIVE_ARCH = YES;
				SDKROOT = iphoneos;
				SWIFT_ACTIVE_COMPILATION_CONDITIONS = DEBUG;
				SWIFT_OPTIMIZATION_LEVEL = "-Onone";
			};
			name = Debug;
		};
		197F0AE91F45BFA500B5831C /* Release */ = {
			isa = XCBuildConfiguration;
			buildSettings = {
				ALWAYS_SEARCH_USER_PATHS = NO;
				CLANG_ANALYZER_NONNULL = YES;
				CLANG_ANALYZER_NUMBER_OBJECT_CONVERSION = YES_AGGRESSIVE;
				CLANG_CXX_LANGUAGE_STANDARD = "gnu++14";
				CLANG_CXX_LIBRARY = "libc++";
				CLANG_ENABLE_MODULES = YES;
				CLANG_ENABLE_OBJC_ARC = YES;
				CLANG_WARN_BLOCK_CAPTURE_AUTORELEASING = YES;
				CLANG_WARN_BOOL_CONVERSION = YES;
				CLANG_WARN_COMMA = YES;
				CLANG_WARN_CONSTANT_CONVERSION = YES;
				CLANG_WARN_DIRECT_OBJC_ISA_USAGE = YES_ERROR;
				CLANG_WARN_DOCUMENTATION_COMMENTS = YES;
				CLANG_WARN_EMPTY_BODY = YES;
				CLANG_WARN_ENUM_CONVERSION = YES;
				CLANG_WARN_INFINITE_RECURSION = YES;
				CLANG_WARN_INT_CONVERSION = YES;
				CLANG_WARN_NON_LITERAL_NULL_CONVERSION = YES;
				CLANG_WARN_OBJC_LITERAL_CONVERSION = YES;
				CLANG_WARN_OBJC_ROOT_CLASS = YES_ERROR;
				CLANG_WARN_RANGE_LOOP_ANALYSIS = YES;
				CLANG_WARN_STRICT_PROTOTYPES = YES;
				CLANG_WARN_SUSPICIOUS_MOVE = YES;
				CLANG_WARN_UNGUARDED_AVAILABILITY = YES_AGGRESSIVE;
				CLANG_WARN_UNREACHABLE_CODE = YES;
				CLANG_WARN__DUPLICATE_METHOD_MATCH = YES;
				CODE_SIGN_IDENTITY = "iPhone Developer";
				COPY_PHASE_STRIP = NO;
				DEBUG_INFORMATION_FORMAT = "dwarf-with-dsym";
				ENABLE_NS_ASSERTIONS = NO;
				ENABLE_STRICT_OBJC_MSGSEND = YES;
				GCC_C_LANGUAGE_STANDARD = gnu11;
				GCC_NO_COMMON_BLOCKS = YES;
				GCC_WARN_64_TO_32_BIT_CONVERSION = YES;
				GCC_WARN_ABOUT_RETURN_TYPE = YES_ERROR;
				GCC_WARN_UNDECLARED_SELECTOR = YES;
				GCC_WARN_UNINITIALIZED_AUTOS = YES_AGGRESSIVE;
				GCC_WARN_UNUSED_FUNCTION = YES;
				GCC_WARN_UNUSED_VARIABLE = YES;
				IPHONEOS_DEPLOYMENT_TARGET = 11.0;
				MTL_ENABLE_DEBUG_INFO = NO;
				SDKROOT = iphoneos;
				SWIFT_OPTIMIZATION_LEVEL = "-Owholemodule";
				VALIDATE_PRODUCT = YES;
			};
			name = Release;
		};
		197F0AEB1F45BFA500B5831C /* Debug */ = {
			isa = XCBuildConfiguration;
			buildSettings = {
				ASSETCATALOG_COMPILER_APPICON_NAME = AppIcon;
				DEVELOPMENT_TEAM = 2MFNG897SQ;
				INFOPLIST_FILE = "LightApp進階版1/Info.plist";
				LD_RUNPATH_SEARCH_PATHS = "$(inherited) @executable_path/Frameworks";
				PRODUCT_BUNDLE_IDENTIFIER = "Hao.LightApp---1";
				PRODUCT_NAME = "$(TARGET_NAME)";
				SWIFT_VERSION = 4.0;
				TARGETED_DEVICE_FAMILY = "1,2";
			};
			name = Debug;
		};
		197F0AEC1F45BFA500B5831C /* Release */ = {
			isa = XCBuildConfiguration;
			buildSettings = {
				ASSETCATALOG_COMPILER_APPICON_NAME = AppIcon;
				DEVELOPMENT_TEAM = 2MFNG897SQ;
				INFOPLIST_FILE = "LightApp進階版1/Info.plist";
				LD_RUNPATH_SEARCH_PATHS = "$(inherited) @executable_path/Frameworks";
				PRODUCT_BUNDLE_IDENTIFIER = "Hao.LightApp---1";
				PRODUCT_NAME = "$(TARGET_NAME)";
				SWIFT_VERSION = 4.0;
				TARGETED_DEVICE_FAMILY = "1,2";
			};
			name = Release;
		};
		197F0AEE1F45BFA500B5831C /* Debug */ = {
			isa = XCBuildConfiguration;
			buildSettings = {
				ALWAYS_EMBED_SWIFT_STANDARD_LIBRARIES = YES;
				BUNDLE_LOADER = "$(TEST_HOST)";
				DEVELOPMENT_TEAM = 2MFNG897SQ;
				INFOPLIST_FILE = "LightApp進階版1Tests/Info.plist";
				LD_RUNPATH_SEARCH_PATHS = "$(inherited) @executable_path/Frameworks @loader_path/Frameworks";
				PRODUCT_BUNDLE_IDENTIFIER = "Hao.LightApp---1Tests";
				PRODUCT_NAME = "$(TARGET_NAME)";
				SWIFT_VERSION = 4.0;
				TARGETED_DEVICE_FAMILY = "1,2";
				TEST_HOST = "$(BUILT_PRODUCTS_DIR)/LightApp進階版1.app/LightApp進階版1";
			};
			name = Debug;
		};
		197F0AEF1F45BFA500B5831C /* Release */ = {
			isa = XCBuildConfiguration;
			buildSettings = {
				ALWAYS_EMBED_SWIFT_STANDARD_LIBRARIES = YES;
				BUNDLE_LOADER = "$(TEST_HOST)";
				DEVELOPMENT_TEAM = 2MFNG897SQ;
				INFOPLIST_FILE = "LightApp進階版1Tests/Info.plist";
				LD_RUNPATH_SEARCH_PATHS = "$(inherited) @executable_path/Frameworks @loader_path/Frameworks";
				PRODUCT_BUNDLE_IDENTIFIER = "Hao.LightApp---1Tests";
				PRODUCT_NAME = "$(TARGET_NAME)";
				SWIFT_VERSION = 4.0;
				TARGETED_DEVICE_FAMILY = "1,2";
				TEST_HOST = "$(BUILT_PRODUCTS_DIR)/LightApp進階版1.app/LightApp進階版1";
			};
			name = Release;
		};
		197F0AF11F45BFA500B5831C /* Debug */ = {
			isa = XCBuildConfiguration;
			buildSettings = {
				ALWAYS_EMBED_SWIFT_STANDARD_LIBRARIES = YES;
				DEVELOPMENT_TEAM = 2MFNG897SQ;
				INFOPLIST_FILE = "LightApp進階版1UITests/Info.plist";
				LD_RUNPATH_SEARCH_PATHS = "$(inherited) @executable_path/Frameworks @loader_path/Frameworks";
				PRODUCT_BUNDLE_IDENTIFIER = "Hao.LightApp---1UITests";
				PRODUCT_NAME = "$(TARGET_NAME)";
				SWIFT_VERSION = 4.0;
				TARGETED_DEVICE_FAMILY = "1,2";
				TEST_TARGET_NAME = "LightApp進階版1";
			};
			name = Debug;
		};
		197F0AF21F45BFA500B5831C /* Release */ = {
			isa = XCBuildConfiguration;
			buildSettings = {
				ALWAYS_EMBED_SWIFT_STANDARD_LIBRARIES = YES;
				DEVELOPMENT_TEAM = 2MFNG897SQ;
				INFOPLIST_FILE = "LightApp進階版1UITests/Info.plist";
				LD_RUNPATH_SEARCH_PATHS = "$(inherited) @executable_path/Frameworks @loader_path/Frameworks";
				PRODUCT_BUNDLE_IDENTIFIER = "Hao.LightApp---1UITests";
				PRODUCT_NAME = "$(TARGET_NAME)";
				SWIFT_VERSION = 4.0;
				TARGETED_DEVICE_FAMILY = "1,2";
				TEST_TARGET_NAME = "LightApp進階版1";
			};
			name = Release;
		};
/* End XCBuildConfiguration section */

/* Begin XCConfigurationList section */
		197F0ABD1F45BFA500B5831C /* Build configuration list for PBXProject "LightApp進階版1" */ = {
			isa = XCConfigurationList;
			buildConfigurations = (
				197F0AE81F45BFA500B5831C /* Debug */,
				197F0AE91F45BFA500B5831C /* Release */,
			);
			defaultConfigurationIsVisible = 0;
			defaultConfigurationName = Release;
		};
		197F0AEA1F45BFA500B5831C /* Build configuration list for PBXNativeTarget "LightApp進階版1" */ = {
			isa = XCConfigurationList;
			buildConfigurations = (
				197F0AEB1F45BFA500B5831C /* Debug */,
				197F0AEC1F45BFA500B5831C /* Release */,
			);
			defaultConfigurationIsVisible = 0;
			defaultConfigurationName = Release;
		};
		197F0AED1F45BFA500B5831C /* Build configuration list for PBXNativeTarget "LightApp進階版1Tests" */ = {
			isa = XCConfigurationList;
			buildConfigurations = (
				197F0AEE1F45BFA500B5831C /* Debug */,
				197F0AEF1F45BFA500B5831C /* Release */,
			);
			defaultConfigurationIsVisible = 0;
			defaultConfigurationName = Release;
		};
		197F0AF01F45BFA500B5831C /* Build configuration list for PBXNativeTarget "LightApp進階版1UITests" */ = {
			isa = XCConfigurationList;
			buildConfigurations = (
				197F0AF11F45BFA500B5831C /* Debug */,
				197F0AF21F45BFA500B5831C /* Release */,
			);
			defaultConfigurationIsVisible = 0;
			defaultConfigurationName = Release;
		};
/* End XCConfigurationList section */
	};
	rootObject = 197F0ABA1F45BFA500B5831C /* Project object */;
}
